
Microsoft Visual Studio Solution File, Format Version 12.00
# Visual Studio Express 14 for Windows Desktop
VisualStudioVersion = 14.0.25420.1
MinimumVisualStudioVersion = 10.0.40219.1
Project("{FAE04EC0-301F-11D3-BF4B-00C04F79EFBC}") = "ErsteKonsolenanwendung", "ErsteKonsolenanwendung\ErsteKonsolenanwendung.csproj", "{74BFEFC3-2B92-4E3E-92CB-5A3100E3D93C}"
EndProject
Global
	GlobalSection(SolutionConfigurationPlatforms) = preSolution
		Debug|Any CPU = Debug|Any CPU
		Release|Any CPU = Release|Any CPU
	EndGlobalSection
	GlobalSection(ProjectConfigurationPlatforms) = postSolution
		{74BFEFC3-2B92-4E3E-92CB-5A3100E3D93C}.Debug|Any CPU.ActiveCfg = Debug|Any CPU
		{74BFEFC3-2B92-4E3E-92CB-5A3100E3D93C}.Debug|Any CPU.Build.0 = Debug|Any CPU
		{74BFEFC3-2B92-4E3E-92CB-5A3100E3D93C}.Release|Any CPU.ActiveCfg = Release|Any CPU
		{74BFEFC3-2B92-4E3E-92CB-5A3100E3D93C}.Release|Any CPU.Build.0 = Release|Any CPU
	EndGlobalSection
	GlobalSection(SolutionProperties) = preSolution
		HideSolutionNode = FALSE
	EndGlobalSection
EndGlobal
