
Microsoft Visual Studio Solution File, Format Version 12.00
# Visual Studio 15
VisualStudioVersion = 15.0.26403.3
MinimumVisualStudioVersion = 10.0.40219.1
Project("{FAE04EC0-301F-11D3-BF4B-00C04F79EFBC}") = "poe", "poe\poe.csproj", "{4B8A6169-45A5-4BD2-9745-2135E02546C1}"
EndProject
Project("{2150E333-8FDC-42A3-9474-1A3956D46DE8}") = "Solution Items", "Solution Items", "{A77CEB19-B5EF-4204-B529-898DAEC43274}"
	ProjectSection(SolutionItems) = preProject
		Form1.cs = Form1.cs
		poe\Form11.cs = poe\Form11.cs
	EndProjectSection
EndProject
Global
	GlobalSection(SolutionConfigurationPlatforms) = preSolution
		Debug|Any CPU = Debug|Any CPU
		Release|Any CPU = Release|Any CPU
	EndGlobalSection
	GlobalSection(ProjectConfigurationPlatforms) = postSolution
		{4B8A6169-45A5-4BD2-9745-2135E02546C1}.Debug|Any CPU.ActiveCfg = Debug|Any CPU
		{4B8A6169-45A5-4BD2-9745-2135E02546C1}.Debug|Any CPU.Build.0 = Debug|Any CPU
		{4B8A6169-45A5-4BD2-9745-2135E02546C1}.Release|Any CPU.ActiveCfg = Release|Any CPU
		{4B8A6169-45A5-4BD2-9745-2135E02546C1}.Release|Any CPU.Build.0 = Release|Any CPU
	EndGlobalSection
	GlobalSection(SolutionProperties) = preSolution
		HideSolutionNode = FALSE
	EndGlobalSection
EndGlobal
