
Microsoft Visual Studio Solution File, Format Version 12.00
# Visual Studio 15
VisualStudioVersion = 15.0.28307.572
MinimumVisualStudioVersion = 10.0.40219.1
Project("{FAE04EC0-301F-11D3-BF4B-00C04F79EFBC}") = "double_pendulum", "double_pendulum\double_pendulum.csproj", "{9BDCBAD7-A451-4FFF-B1FC-9AF52A29F0FC}"
EndProject
Global
	GlobalSection(SolutionConfigurationPlatforms) = preSolution
		Debug|Any CPU = Debug|Any CPU
		Release|Any CPU = Release|Any CPU
	EndGlobalSection
	GlobalSection(ProjectConfigurationPlatforms) = postSolution
		{9BDCBAD7-A451-4FFF-B1FC-9AF52A29F0FC}.Debug|Any CPU.ActiveCfg = Debug|Any CPU
		{9BDCBAD7-A451-4FFF-B1FC-9AF52A29F0FC}.Debug|Any CPU.Build.0 = Debug|Any CPU
		{9BDCBAD7-A451-4FFF-B1FC-9AF52A29F0FC}.Release|Any CPU.ActiveCfg = Release|Any CPU
		{9BDCBAD7-A451-4FFF-B1FC-9AF52A29F0FC}.Release|Any CPU.Build.0 = Release|Any CPU
	EndGlobalSection
	GlobalSection(SolutionProperties) = preSolution
		HideSolutionNode = FALSE
	EndGlobalSection
	GlobalSection(ExtensibilityGlobals) = postSolution
		SolutionGuid = {E1A2862B-78A8-4865-98FC-740D2F806E79}
	EndGlobalSection
EndGlobal
